
Microsoft Visual Studio Solution File, Format Version 12.00
# Visual Studio Version 16
VisualStudioVersion = 16.0.30523.141
MinimumVisualStudioVersion = 10.0.40219.1
Project("{FAE04EC0-301F-11D3-BF4B-00C04F79EFBC}") = "GUI-practice", "GUI-practice\GUI-practice.csproj", "{4043F881-0E39-433E-806F-6CD83F0CC484}"
EndProject
Global
	GlobalSection(SolutionConfigurationPlatforms) = preSolution
		Debug|Any CPU = Debug|Any CPU
		Release|Any CPU = Release|Any CPU
	EndGlobalSection
	GlobalSection(ProjectConfigurationPlatforms) = postSolution
		{4043F881-0E39-433E-806F-6CD83F0CC484}.Debug|Any CPU.ActiveCfg = Debug|Any CPU
		{4043F881-0E39-433E-806F-6CD83F0CC484}.Debug|Any CPU.Build.0 = Debug|Any CPU
		{4043F881-0E39-433E-806F-6CD83F0CC484}.Release|Any CPU.ActiveCfg = Release|Any CPU
		{4043F881-0E39-433E-806F-6CD83F0CC484}.Release|Any CPU.Build.0 = Release|Any CPU
	EndGlobalSection
	GlobalSection(SolutionProperties) = preSolution
		HideSolutionNode = FALSE
	EndGlobalSection
	GlobalSection(ExtensibilityGlobals) = postSolution
		SolutionGuid = {A90265DE-8982-422F-84BF-5D836737F074}
	EndGlobalSection
EndGlobal
