
Microsoft Visual Studio Solution File, Format Version 12.00
# Visual Studio Version 16
VisualStudioVersion = 16.0.30523.141
MinimumVisualStudioVersion = 10.0.40219.1
Project("{FAE04EC0-301F-11D3-BF4B-00C04F79EFBC}") = "LabTask01", "LabTask01\LabTask01.csproj", "{0B6C5C74-5F4B-46F6-B8FF-761EB7AE0671}"
EndProject
Global
	GlobalSection(SolutionConfigurationPlatforms) = preSolution
		Debug|Any CPU = Debug|Any CPU
		Release|Any CPU = Release|Any CPU
	EndGlobalSection
	GlobalSection(ProjectConfigurationPlatforms) = postSolution
		{0B6C5C74-5F4B-46F6-B8FF-761EB7AE0671}.Debug|Any CPU.ActiveCfg = Debug|Any CPU
		{0B6C5C74-5F4B-46F6-B8FF-761EB7AE0671}.Debug|Any CPU.Build.0 = Debug|Any CPU
		{0B6C5C74-5F4B-46F6-B8FF-761EB7AE0671}.Release|Any CPU.ActiveCfg = Release|Any CPU
		{0B6C5C74-5F4B-46F6-B8FF-761EB7AE0671}.Release|Any CPU.Build.0 = Release|Any CPU
	EndGlobalSection
	GlobalSection(SolutionProperties) = preSolution
		HideSolutionNode = FALSE
	EndGlobalSection
	GlobalSection(ExtensibilityGlobals) = postSolution
		SolutionGuid = {1BEB4D5C-5C4A-4ED7-B67C-1F0C98B74A00}
	EndGlobalSection
EndGlobal
