
Microsoft Visual Studio Solution File, Format Version 12.00
# Visual Studio Version 16
VisualStudioVersion = 16.0.30523.141
MinimumVisualStudioVersion = 10.0.40219.1
Project("{FAE04EC0-301F-11D3-BF4B-00C04F79EFBC}") = "loginForm1", "loginForm1\loginForm1.csproj", "{661072B1-3AA2-416D-AF54-1AD592DA14FF}"
EndProject
Global
	GlobalSection(SolutionConfigurationPlatforms) = preSolution
		Debug|Any CPU = Debug|Any CPU
		Release|Any CPU = Release|Any CPU
	EndGlobalSection
	GlobalSection(ProjectConfigurationPlatforms) = postSolution
		{661072B1-3AA2-416D-AF54-1AD592DA14FF}.Debug|Any CPU.ActiveCfg = Debug|Any CPU
		{661072B1-3AA2-416D-AF54-1AD592DA14FF}.Debug|Any CPU.Build.0 = Debug|Any CPU
		{661072B1-3AA2-416D-AF54-1AD592DA14FF}.Release|Any CPU.ActiveCfg = Release|Any CPU
		{661072B1-3AA2-416D-AF54-1AD592DA14FF}.Release|Any CPU.Build.0 = Release|Any CPU
	EndGlobalSection
	GlobalSection(SolutionProperties) = preSolution
		HideSolutionNode = FALSE
	EndGlobalSection
	GlobalSection(ExtensibilityGlobals) = postSolution
		SolutionGuid = {5C616587-4481-4A28-83CC-7B3AD1F8B34B}
	EndGlobalSection
EndGlobal
