
Microsoft Visual Studio Solution File, Format Version 12.00
# Visual Studio Version 16
VisualStudioVersion = 16.0.30523.141
MinimumVisualStudioVersion = 10.0.40219.1
Project("{FAE04EC0-301F-11D3-BF4B-00C04F79EFBC}") = "Test-interface3", "Test-interface3\Test-interface3.csproj", "{88CF3235-9BC8-4B0F-9961-8C46CC3667B9}"
EndProject
Global
	GlobalSection(SolutionConfigurationPlatforms) = preSolution
		Debug|Any CPU = Debug|Any CPU
		Release|Any CPU = Release|Any CPU
	EndGlobalSection
	GlobalSection(ProjectConfigurationPlatforms) = postSolution
		{88CF3235-9BC8-4B0F-9961-8C46CC3667B9}.Debug|Any CPU.ActiveCfg = Debug|Any CPU
		{88CF3235-9BC8-4B0F-9961-8C46CC3667B9}.Debug|Any CPU.Build.0 = Debug|Any CPU
		{88CF3235-9BC8-4B0F-9961-8C46CC3667B9}.Release|Any CPU.ActiveCfg = Release|Any CPU
		{88CF3235-9BC8-4B0F-9961-8C46CC3667B9}.Release|Any CPU.Build.0 = Release|Any CPU
	EndGlobalSection
	GlobalSection(SolutionProperties) = preSolution
		HideSolutionNode = FALSE
	EndGlobalSection
	GlobalSection(ExtensibilityGlobals) = postSolution
		SolutionGuid = {A48C2125-71B8-4791-A38D-C970996272FB}
	EndGlobalSection
EndGlobal
