
Microsoft Visual Studio Solution File, Format Version 12.00
# Visual Studio Version 16
VisualStudioVersion = 16.0.30523.141
MinimumVisualStudioVersion = 10.0.40219.1
Project("{FAE04EC0-301F-11D3-BF4B-00C04F79EFBC}") = "Labtask02", "Labtask02\Labtask02.csproj", "{0D97594B-3129-4778-8892-4E8F09DB7015}"
EndProject
Global
	GlobalSection(SolutionConfigurationPlatforms) = preSolution
		Debug|Any CPU = Debug|Any CPU
		Release|Any CPU = Release|Any CPU
	EndGlobalSection
	GlobalSection(ProjectConfigurationPlatforms) = postSolution
		{0D97594B-3129-4778-8892-4E8F09DB7015}.Debug|Any CPU.ActiveCfg = Debug|Any CPU
		{0D97594B-3129-4778-8892-4E8F09DB7015}.Debug|Any CPU.Build.0 = Debug|Any CPU
		{0D97594B-3129-4778-8892-4E8F09DB7015}.Release|Any CPU.ActiveCfg = Release|Any CPU
		{0D97594B-3129-4778-8892-4E8F09DB7015}.Release|Any CPU.Build.0 = Release|Any CPU
	EndGlobalSection
	GlobalSection(SolutionProperties) = preSolution
		HideSolutionNode = FALSE
	EndGlobalSection
	GlobalSection(ExtensibilityGlobals) = postSolution
		SolutionGuid = {88D2EEAB-5081-4F23-8C23-B501FB92165B}
	EndGlobalSection
EndGlobal
