
Microsoft Visual Studio Solution File, Format Version 12.00
# Visual Studio Version 16
VisualStudioVersion = 16.0.30621.155
MinimumVisualStudioVersion = 10.0.40219.1
Project("{FAE04EC0-301F-11D3-BF4B-00C04F79EFBC}") = "Final_Lab03_FormPractice", "Final_Lab03_FormPractice\Final_Lab03_FormPractice.csproj", "{DD2A75D0-C635-428C-8060-1E1F4FFA5BB5}"
EndProject
Global
	GlobalSection(SolutionConfigurationPlatforms) = preSolution
		Debug|Any CPU = Debug|Any CPU
		Release|Any CPU = Release|Any CPU
	EndGlobalSection
	GlobalSection(ProjectConfigurationPlatforms) = postSolution
		{DD2A75D0-C635-428C-8060-1E1F4FFA5BB5}.Debug|Any CPU.ActiveCfg = Debug|Any CPU
		{DD2A75D0-C635-428C-8060-1E1F4FFA5BB5}.Debug|Any CPU.Build.0 = Debug|Any CPU
		{DD2A75D0-C635-428C-8060-1E1F4FFA5BB5}.Release|Any CPU.ActiveCfg = Release|Any CPU
		{DD2A75D0-C635-428C-8060-1E1F4FFA5BB5}.Release|Any CPU.Build.0 = Release|Any CPU
	EndGlobalSection
	GlobalSection(SolutionProperties) = preSolution
		HideSolutionNode = FALSE
	EndGlobalSection
	GlobalSection(ExtensibilityGlobals) = postSolution
		SolutionGuid = {91486F30-149B-45FF-A723-827BC33791CF}
	EndGlobalSection
EndGlobal
